// !$*UTF8*$!
{
	archiveVersion = 1;
	classes = {
	};
	objectVersion = 56;
	objects = {

/* Begin PBXBuildFile section */
		AA456F852A46AD440001EEDC /* AppDelegate.swift in Sources */ = {isa = PBXBuildFile; fileRef = AA456F842A46AD440001EEDC /* AppDelegate.swift */; };
		AA456F872A46AD440001EEDC /* SceneDelegate.swift in Sources */ = {isa = PBXBuildFile; fileRef = AA456F862A46AD440001EEDC /* SceneDelegate.swift */; };
		AA456F892A46AD440001EEDC /* ViewController.swift in Sources */ = {isa = PBXBuildFile; fileRef = AA456F882A46AD440001EEDC /* ViewController.swift */; };
		AA456F8E2A46AD440001EEDC /* Assets.xcassets in Resources */ = {isa = PBXBuildFile; fileRef = AA456F8D2A46AD440001EEDC /* Assets.xcassets */; };
		AA456F912A46AD440001EEDC /* LaunchScreen.storyboard in Resources */ = {isa = PBXBuildFile; fileRef = AA456F8F2A46AD440001EEDC /* LaunchScreen.storyboard */; };
		AA456F9C2A46B1F90001EEDC /* PinCollectionViewCell.swift in Sources */ = {isa = PBXBuildFile; fileRef = AA456F9B2A46B1F90001EEDC /* PinCollectionViewCell.swift */; };
		AA456F9F2A46C3760001EEDC /* UICollectionViewWaterfallLayout.swift in Sources */ = {isa = PBXBuildFile; fileRef = AA456F9E2A46C3760001EEDC /* UICollectionViewWaterfallLayout.swift */; };
		AAC6A5052A48CEBD009BC93C /* photos.json in Resources */ = {isa = PBXBuildFile; fileRef = AAC6A5042A48CEBD009BC93C /* photos.json */; };
		AAC6A5072A48CF9E009BC93C /* Photo.swift in Sources */ = {isa = PBXBuildFile; fileRef = AAC6A5062A48CF9E009BC93C /* Photo.swift */; };
		AAC6A5092A48D3B6009BC93C /* mock2.json in Resources */ = {isa = PBXBuildFile; fileRef = AAC6A5082A48D3B6009BC93C /* mock2.json */; };
		AAC6A50B2A48D488009BC93C /* URLs.swift in Sources */ = {isa = PBXBuildFile; fileRef = AAC6A50A2A48D488009BC93C /* URLs.swift */; };
		AAC6A50D2A48D505009BC93C /* User.swift in Sources */ = {isa = PBXBuildFile; fileRef = AAC6A50C2A48D505009BC93C /* User.swift */; };
		AAC6A5102A48D833009BC93C /* TestData.swift in Sources */ = {isa = PBXBuildFile; fileRef = AAC6A50F2A48D833009BC93C /* TestData.swift */; };
		AAC6A5132A491EF4009BC93C /* APIResource.swift in Sources */ = {isa = PBXBuildFile; fileRef = AAC6A5122A491EF4009BC93C /* APIResource.swift */; };
		AAC6A5172A49203A009BC93C /* NetworkRequest.swift in Sources */ = {isa = PBXBuildFile; fileRef = AAC6A5162A49203A009BC93C /* NetworkRequest.swift */; };
		AAC6A51C2A493C81009BC93C /* UIImageView+Extensions.swift in Sources */ = {isa = PBXBuildFile; fileRef = AAC6A51B2A493C81009BC93C /* UIImageView+Extensions.swift */; };
/* End PBXBuildFile section */

/* Begin PBXFileReference section */
		AA456F812A46AD440001EEDC /* Pinsplash.app */ = {isa = PBXFileReference; explicitFileType = wrapper.application; includeInIndex = 0; path = Pinsplash.app; sourceTree = BUILT_PRODUCTS_DIR; };
		AA456F842A46AD440001EEDC /* AppDelegate.swift */ = {isa = PBXFileReference; lastKnownFileType = sourcecode.swift; path = AppDelegate.swift; sourceTree = "<group>"; };
		AA456F862A46AD440001EEDC /* SceneDelegate.swift */ = {isa = PBXFileReference; lastKnownFileType = sourcecode.swift; path = SceneDelegate.swift; sourceTree = "<group>"; };
		AA456F882A46AD440001EEDC /* ViewController.swift */ = {isa = PBXFileReference; lastKnownFileType = sourcecode.swift; path = ViewController.swift; sourceTree = "<group>"; };
		AA456F8D2A46AD440001EEDC /* Assets.xcassets */ = {isa = PBXFileReference; lastKnownFileType = folder.assetcatalog; path = Assets.xcassets; sourceTree = "<group>"; };
		AA456F902A46AD440001EEDC /* Base */ = {isa = PBXFileReference; lastKnownFileType = file.storyboard; name = Base; path = Base.lproj/LaunchScreen.storyboard; sourceTree = "<group>"; };
		AA456F922A46AD440001EEDC /* Info.plist */ = {isa = PBXFileReference; lastKnownFileType = text.plist.xml; path = Info.plist; sourceTree = "<group>"; };
		AA456F9B2A46B1F90001EEDC /* PinCollectionViewCell.swift */ = {isa = PBXFileReference; lastKnownFileType = sourcecode.swift; path = PinCollectionViewCell.swift; sourceTree = "<group>"; };
		AA456F9E2A46C3760001EEDC /* UICollectionViewWaterfallLayout.swift */ = {isa = PBXFileReference; lastKnownFileType = sourcecode.swift; path = UICollectionViewWaterfallLayout.swift; sourceTree = "<group>"; };
		AAC6A5042A48CEBD009BC93C /* photos.json */ = {isa = PBXFileReference; fileEncoding = 4; lastKnownFileType = text.json; path = photos.json; sourceTree = "<group>"; };
		AAC6A5062A48CF9E009BC93C /* Photo.swift */ = {isa = PBXFileReference; lastKnownFileType = sourcecode.swift; path = Photo.swift; sourceTree = "<group>"; };
		AAC6A5082A48D3B6009BC93C /* mock2.json */ = {isa = PBXFileReference; lastKnownFileType = text.json; path = mock2.json; sourceTree = "<group>"; };
		AAC6A50A2A48D488009BC93C /* URLs.swift */ = {isa = PBXFileReference; lastKnownFileType = sourcecode.swift; path = URLs.swift; sourceTree = "<group>"; };
		AAC6A50C2A48D505009BC93C /* User.swift */ = {isa = PBXFileReference; lastKnownFileType = sourcecode.swift; path = User.swift; sourceTree = "<group>"; };
		AAC6A50F2A48D833009BC93C /* TestData.swift */ = {isa = PBXFileReference; lastKnownFileType = sourcecode.swift; path = TestData.swift; sourceTree = "<group>"; };
		AAC6A5122A491EF4009BC93C /* APIResource.swift */ = {isa = PBXFileReference; lastKnownFileType = sourcecode.swift; path = APIResource.swift; sourceTree = "<group>"; };
		AAC6A5162A49203A009BC93C /* NetworkRequest.swift */ = {isa = PBXFileReference; lastKnownFileType = sourcecode.swift; path = NetworkRequest.swift; sourceTree = "<group>"; };
		AAC6A51B2A493C81009BC93C /* UIImageView+Extensions.swift */ = {isa = PBXFileReference; lastKnownFileType = sourcecode.swift; path = "UIImageView+Extensions.swift"; sourceTree = "<group>"; };
/* End PBXFileReference section */

/* Begin PBXFrameworksBuildPhase section */
		AA456F7E2A46AD440001EEDC /* Frameworks */ = {
			isa = PBXFrameworksBuildPhase;
			buildActionMask = 2147483647;
			files = (
			);
			runOnlyForDeploymentPostprocessing = 0;
		};
/* End PBXFrameworksBuildPhase section */

/* Begin PBXGroup section */
		AA456F782A46AD440001EEDC = {
			isa = PBXGroup;
			children = (
				AA456F832A46AD440001EEDC /* Pinsplash */,
				AA456F822A46AD440001EEDC /* Products */,
			);
			sourceTree = "<group>";
		};
		AA456F822A46AD440001EEDC /* Products */ = {
			isa = PBXGroup;
			children = (
				AA456F812A46AD440001EEDC /* Pinsplash.app */,
			);
			name = Products;
			sourceTree = "<group>";
		};
		AA456F832A46AD440001EEDC /* Pinsplash */ = {
			isa = PBXGroup;
			children = (
				AA456F842A46AD440001EEDC /* AppDelegate.swift */,
				AA456F862A46AD440001EEDC /* SceneDelegate.swift */,
				AAC6A5112A491EDE009BC93C /* Networking */,
				AA456FA42A4807510001EEDC /* Services */,
				AA456F9D2A46C34E0001EEDC /* Layouts */,
				AA456F982A46AE270001EEDC /* Models */,
				AA456F992A46AE2D0001EEDC /* Views */,
				AA456F9A2A46AE380001EEDC /* Controllers */,
				AAC6A51A2A493C72009BC93C /* Extensions */,
				AA456F8D2A46AD440001EEDC /* Assets.xcassets */,
				AA456F8F2A46AD440001EEDC /* LaunchScreen.storyboard */,
				AA456F922A46AD440001EEDC /* Info.plist */,
				AAC6A50E2A48D7E4009BC93C /* Preview Content */,
			);
			path = Pinsplash;
			sourceTree = "<group>";
		};
		AA456F982A46AE270001EEDC /* Models */ = {
			isa = PBXGroup;
			children = (
				AAC6A5062A48CF9E009BC93C /* Photo.swift */,
				AAC6A50A2A48D488009BC93C /* URLs.swift */,
				AAC6A50C2A48D505009BC93C /* User.swift */,
			);
			path = Models;
			sourceTree = "<group>";
		};
		AA456F992A46AE2D0001EEDC /* Views */ = {
			isa = PBXGroup;
			children = (
				AA456F9B2A46B1F90001EEDC /* PinCollectionViewCell.swift */,
			);
			path = Views;
			sourceTree = "<group>";
		};
		AA456F9A2A46AE380001EEDC /* Controllers */ = {
			isa = PBXGroup;
			children = (
				AA456F882A46AD440001EEDC /* ViewController.swift */,
			);
			path = Controllers;
			sourceTree = "<group>";
		};
		AA456F9D2A46C34E0001EEDC /* Layouts */ = {
			isa = PBXGroup;
			children = (
				AA456F9E2A46C3760001EEDC /* UICollectionViewWaterfallLayout.swift */,
			);
			path = Layouts;
			sourceTree = "<group>";
		};
		AA456FA42A4807510001EEDC /* Services */ = {
			isa = PBXGroup;
			children = (
			);
			path = Services;
			sourceTree = "<group>";
		};
		AAC6A50E2A48D7E4009BC93C /* Preview Content */ = {
			isa = PBXGroup;
			children = (
				AAC6A50F2A48D833009BC93C /* TestData.swift */,
				AAC6A5042A48CEBD009BC93C /* photos.json */,
				AAC6A5082A48D3B6009BC93C /* mock2.json */,
			);
			path = "Preview Content";
			sourceTree = "<group>";
		};
		AAC6A5112A491EDE009BC93C /* Networking */ = {
			isa = PBXGroup;
			children = (
				AAC6A5122A491EF4009BC93C /* APIResource.swift */,
				AAC6A5162A49203A009BC93C /* NetworkRequest.swift */,
			);
			path = Networking;
			sourceTree = "<group>";
		};
		AAC6A51A2A493C72009BC93C /* Extensions */ = {
			isa = PBXGroup;
			children = (
				AAC6A51B2A493C81009BC93C /* UIImageView+Extensions.swift */,
			);
			path = Extensions;
			sourceTree = "<group>";
		};
/* End PBXGroup section */

/* Begin PBXNativeTarget section */
		AA456F802A46AD440001EEDC /* Pinsplash */ = {
			isa = PBXNativeTarget;
			buildConfigurationList = AA456F952A46AD440001EEDC /* Build configuration list for PBXNativeTarget "Pinsplash" */;
			buildPhases = (
				AA456F7D2A46AD440001EEDC /* Sources */,
				AA456F7E2A46AD440001EEDC /* Frameworks */,
				AA456F7F2A46AD440001EEDC /* Resources */,
			);
			buildRules = (
			);
			dependencies = (
			);
			name = Pinsplash;
			productName = Pinsplash;
			productReference = AA456F812A46AD440001EEDC /* Pinsplash.app */;
			productType = "com.apple.product-type.application";
		};
/* End PBXNativeTarget section */

/* Begin PBXProject section */
		AA456F792A46AD440001EEDC /* Project object */ = {
			isa = PBXProject;
			attributes = {
				BuildIndependentTargetsInParallel = 1;
				LastSwiftUpdateCheck = 1430;
				LastUpgradeCheck = 1430;
				TargetAttributes = {
					AA456F802A46AD440001EEDC = {
						CreatedOnToolsVersion = 14.3;
					};
				};
			};
			buildConfigurationList = AA456F7C2A46AD440001EEDC /* Build configuration list for PBXProject "Pinsplash" */;
			compatibilityVersion = "Xcode 14.0";
			developmentRegion = en;
			hasScannedForEncodings = 0;
			knownRegions = (
				en,
				Base,
			);
			mainGroup = AA456F782A46AD440001EEDC;
			productRefGroup = AA456F822A46AD440001EEDC /* Products */;
			projectDirPath = "";
			projectRoot = "";
			targets = (
				AA456F802A46AD440001EEDC /* Pinsplash */,
			);
		};
/* End PBXProject section */

/* Begin PBXResourcesBuildPhase section */
		AA456F7F2A46AD440001EEDC /* Resources */ = {
			isa = PBXResourcesBuildPhase;
			buildActionMask = 2147483647;
			files = (
				AA456F912A46AD440001EEDC /* LaunchScreen.storyboard in Resources */,
				AA456F8E2A46AD440001EEDC /* Assets.xcassets in Resources */,
				AAC6A5092A48D3B6009BC93C /* mock2.json in Resources */,
				AAC6A5052A48CEBD009BC93C /* photos.json in Resources */,
			);
			runOnlyForDeploymentPostprocessing = 0;
		};
/* End PBXResourcesBuildPhase section */

/* Begin PBXSourcesBuildPhase section */
		AA456F7D2A46AD440001EEDC /* Sources */ = {
			isa = PBXSourcesBuildPhase;
			buildActionMask = 2147483647;
			files = (
				AAC6A5102A48D833009BC93C /* TestData.swift in Sources */,
				AAC6A5072A48CF9E009BC93C /* Photo.swift in Sources */,
				AA456F9C2A46B1F90001EEDC /* PinCollectionViewCell.swift in Sources */,
				AA456F892A46AD440001EEDC /* ViewController.swift in Sources */,
				AAC6A50B2A48D488009BC93C /* URLs.swift in Sources */,
				AAC6A50D2A48D505009BC93C /* User.swift in Sources */,
				AAC6A51C2A493C81009BC93C /* UIImageView+Extensions.swift in Sources */,
				AA456F852A46AD440001EEDC /* AppDelegate.swift in Sources */,
				AA456F9F2A46C3760001EEDC /* UICollectionViewWaterfallLayout.swift in Sources */,
				AAC6A5132A491EF4009BC93C /* APIResource.swift in Sources */,
				AAC6A5172A49203A009BC93C /* NetworkRequest.swift in Sources */,
				AA456F872A46AD440001EEDC /* SceneDelegate.swift in Sources */,
			);
			runOnlyForDeploymentPostprocessing = 0;
		};
/* End PBXSourcesBuildPhase section */

/* Begin PBXVariantGroup section */
		AA456F8F2A46AD440001EEDC /* LaunchScreen.storyboard */ = {
			isa = PBXVariantGroup;
			children = (
				AA456F902A46AD440001EEDC /* Base */,
			);
			name = LaunchScreen.storyboard;
			sourceTree = "<group>";
		};
/* End PBXVariantGroup section */

/* Begin XCBuildConfiguration section */
		AA456F932A46AD440001EEDC /* Debug */ = {
			isa = XCBuildConfiguration;
			buildSettings = {
				ALWAYS_SEARCH_USER_PATHS = NO;
				CLANG_ANALYZER_NONNULL = YES;
				CLANG_ANALYZER_NUMBER_OBJECT_CONVERSION = YES_AGGRESSIVE;
				CLANG_CXX_LANGUAGE_STANDARD = "gnu++20";
				CLANG_ENABLE_MODULES = YES;
				CLANG_ENABLE_OBJC_ARC = YES;
				CLANG_ENABLE_OBJC_WEAK = YES;
				CLANG_WARN_BLOCK_CAPTURE_AUTORELEASING = YES;
				CLANG_WARN_BOOL_CONVERSION = YES;
				CLANG_WARN_COMMA = YES;
				CLANG_WARN_CONSTANT_CONVERSION = YES;
				CLANG_WARN_DEPRECATED_OBJC_IMPLEMENTATIONS = YES;
				CLANG_WARN_DIRECT_OBJC_ISA_USAGE = YES_ERROR;
				CLANG_WARN_DOCUMENTATION_COMMENTS = YES;
				CLANG_WARN_EMPTY_BODY = YES;
				CLANG_WARN_ENUM_CONVERSION = YES;
				CLANG_WARN_INFINITE_RECURSION = YES;
				CLANG_WARN_INT_CONVERSION = YES;
				CLANG_WARN_NON_LITERAL_NULL_CONVERSION = YES;
				CLANG_WARN_OBJC_IMPLICIT_RETAIN_SELF = YES;
				CLANG_WARN_OBJC_LITERAL_CONVERSION = YES;
				CLANG_WARN_OBJC_ROOT_CLASS = YES_ERROR;
				CLANG_WARN_QUOTED_INCLUDE_IN_FRAMEWORK_HEADER = YES;
				CLANG_WARN_RANGE_LOOP_ANALYSIS = YES;
				CLANG_WARN_STRICT_PROTOTYPES = YES;
				CLANG_WARN_SUSPICIOUS_MOVE = YES;
				CLANG_WARN_UNGUARDED_AVAILABILITY = YES_AGGRESSIVE;
				CLANG_WARN_UNREACHABLE_CODE = YES;
				CLANG_WARN__DUPLICATE_METHOD_MATCH = YES;
				COPY_PHASE_STRIP = NO;
				DEBUG_INFORMATION_FORMAT = dwarf;
				ENABLE_STRICT_OBJC_MSGSEND = YES;
				ENABLE_TESTABILITY = YES;
				GCC_C_LANGUAGE_STANDARD = gnu11;
				GCC_DYNAMIC_NO_PIC = NO;
				GCC_NO_COMMON_BLOCKS = YES;
				GCC_OPTIMIZATION_LEVEL = 0;
				GCC_PREPROCESSOR_DEFINITIONS = (
					"DEBUG=1",
					"$(inherited)",
				);
				GCC_WARN_64_TO_32_BIT_CONVERSION = YES;
				GCC_WARN_ABOUT_RETURN_TYPE = YES_ERROR;
				GCC_WARN_UNDECLARED_SELECTOR = YES;
				GCC_WARN_UNINITIALIZED_AUTOS = YES_AGGRESSIVE;
				GCC_WARN_UNUSED_FUNCTION = YES;
				GCC_WARN_UNUSED_VARIABLE = YES;
				IPHONEOS_DEPLOYMENT_TARGET = 16.4;
				MTL_ENABLE_DEBUG_INFO = INCLUDE_SOURCE;
				MTL_FAST_MATH = YES;
				ONLY_ACTIVE_ARCH = YES;
				SDKROOT = iphoneos;
				SWIFT_ACTIVE_COMPILATION_CONDITIONS = DEBUG;
				SWIFT_OPTIMIZATION_LEVEL = "-Onone";
			};
			name = Debug;
		};
		AA456F942A46AD440001EEDC /* Release */ = {
			isa = XCBuildConfiguration;
			buildSettings = {
				ALWAYS_SEARCH_USER_PATHS = NO;
				CLANG_ANALYZER_NONNULL = YES;
				CLANG_ANALYZER_NUMBER_OBJECT_CONVERSION = YES_AGGRESSIVE;
				CLANG_CXX_LANGUAGE_STANDARD = "gnu++20";
				CLANG_ENABLE_MODULES = YES;
				CLANG_ENABLE_OBJC_ARC = YES;
				CLANG_ENABLE_OBJC_WEAK = YES;
				CLANG_WARN_BLOCK_CAPTURE_AUTORELEASING = YES;
				CLANG_WARN_BOOL_CONVERSION = YES;
				CLANG_WARN_COMMA = YES;
				CLANG_WARN_CONSTANT_CONVERSION = YES;
				CLANG_WARN_DEPRECATED_OBJC_IMPLEMENTATIONS = YES;
				CLANG_WARN_DIRECT_OBJC_ISA_USAGE = YES_ERROR;
				CLANG_WARN_DOCUMENTATION_COMMENTS = YES;
				CLANG_WARN_EMPTY_BODY = YES;
				CLANG_WARN_ENUM_CONVERSION = YES;
				CLANG_WARN_INFINITE_RECURSION = YES;
				CLANG_WARN_INT_CONVERSION = YES;
				CLANG_WARN_NON_LITERAL_NULL_CONVERSION = YES;
				CLANG_WARN_OBJC_IMPLICIT_RETAIN_SELF = YES;
				CLANG_WARN_OBJC_LITERAL_CONVERSION = YES;
				CLANG_WARN_OBJC_ROOT_CLASS = YES_ERROR;
				CLANG_WARN_QUOTED_INCLUDE_IN_FRAMEWORK_HEADER = YES;
				CLANG_WARN_RANGE_LOOP_ANALYSIS = YES;
				CLANG_WARN_STRICT_PROTOTYPES = YES;
				CLANG_WARN_SUSPICIOUS_MOVE = YES;
				CLANG_WARN_UNGUARDED_AVAILABILITY = YES_AGGRESSIVE;
				CLANG_WARN_UNREACHABLE_CODE = YES;
				CLANG_WARN__DUPLICATE_METHOD_MATCH = YES;
				COPY_PHASE_STRIP = NO;
				DEBUG_INFORMATION_FORMAT = "dwarf-with-dsym";
				ENABLE_NS_ASSERTIONS = NO;
				ENABLE_STRICT_OBJC_MSGSEND = YES;
				GCC_C_LANGUAGE_STANDARD = gnu11;
				GCC_NO_COMMON_BLOCKS = YES;
				GCC_WARN_64_TO_32_BIT_CONVERSION = YES;
				GCC_WARN_ABOUT_RETURN_TYPE = YES_ERROR;
				GCC_WARN_UNDECLARED_SELECTOR = YES;
				GCC_WARN_UNINITIALIZED_AUTOS = YES_AGGRESSIVE;
				GCC_WARN_UNUSED_FUNCTION = YES;
				GCC_WARN_UNUSED_VARIABLE = YES;
				IPHONEOS_DEPLOYMENT_TARGET = 16.4;
				MTL_ENABLE_DEBUG_INFO = NO;
				MTL_FAST_MATH = YES;
				SDKROOT = iphoneos;
				SWIFT_COMPILATION_MODE = wholemodule;
				SWIFT_OPTIMIZATION_LEVEL = "-O";
				VALIDATE_PRODUCT = YES;
			};
			name = Release;
		};
		AA456F962A46AD440001EEDC /* Debug */ = {
			isa = XCBuildConfiguration;
			buildSettings = {
				ASSETCATALOG_COMPILER_APPICON_NAME = AppIcon;
				ASSETCATALOG_COMPILER_GLOBAL_ACCENT_COLOR_NAME = AccentColor;
				CODE_SIGN_STYLE = Automatic;
				CURRENT_PROJECT_VERSION = 1;
				DEVELOPMENT_TEAM = FSYPXB6597;
				GENERATE_INFOPLIST_FILE = YES;
				INFOPLIST_FILE = Pinsplash/Info.plist;
				INFOPLIST_KEY_UIApplicationSupportsIndirectInputEvents = YES;
				INFOPLIST_KEY_UILaunchStoryboardName = LaunchScreen;
				INFOPLIST_KEY_UISupportedInterfaceOrientations_iPad = "UIInterfaceOrientationPortrait UIInterfaceOrientationPortraitUpsideDown UIInterfaceOrientationLandscapeLeft UIInterfaceOrientationLandscapeRight";
				INFOPLIST_KEY_UISupportedInterfaceOrientations_iPhone = "UIInterfaceOrientationPortrait UIInterfaceOrientationLandscapeLeft UIInterfaceOrientationLandscapeRight";
				LD_RUNPATH_SEARCH_PATHS = (
					"$(inherited)",
					"@executable_path/Frameworks",
				);
				MARKETING_VERSION = 1.0;
				PRODUCT_BUNDLE_IDENTIFIER = ricardomongza.Pinsplash;
				PRODUCT_NAME = "$(TARGET_NAME)";
				SWIFT_EMIT_LOC_STRINGS = YES;
				SWIFT_VERSION = 5.0;
				TARGETED_DEVICE_FAMILY = "1,2";
			};
			name = Debug;
		};
		AA456F972A46AD440001EEDC /* Release */ = {
			isa = XCBuildConfiguration;
			buildSettings = {
				ASSETCATALOG_COMPILER_APPICON_NAME = AppIcon;
				ASSETCATALOG_COMPILER_GLOBAL_ACCENT_COLOR_NAME = AccentColor;
				CODE_SIGN_STYLE = Automatic;
				CURRENT_PROJECT_VERSION = 1;
				DEVELOPMENT_TEAM = FSYPXB6597;
				GENERATE_INFOPLIST_FILE = YES;
				INFOPLIST_FILE = Pinsplash/Info.plist;
				INFOPLIST_KEY_UIApplicationSupportsIndirectInputEvents = YES;
				INFOPLIST_KEY_UILaunchStoryboardName = LaunchScreen;
				INFOPLIST_KEY_UISupportedInterfaceOrientations_iPad = "UIInterfaceOrientationPortrait UIInterfaceOrientationPortraitUpsideDown UIInterfaceOrientationLandscapeLeft UIInterfaceOrientationLandscapeRight";
				INFOPLIST_KEY_UISupportedInterfaceOrientations_iPhone = "UIInterfaceOrientationPortrait UIInterfaceOrientationLandscapeLeft UIInterfaceOrientationLandscapeRight";
				LD_RUNPATH_SEARCH_PATHS = (
					"$(inherited)",
					"@executable_path/Frameworks",
				);
				MARKETING_VERSION = 1.0;
				PRODUCT_BUNDLE_IDENTIFIER = ricardomongza.Pinsplash;
				PRODUCT_NAME = "$(TARGET_NAME)";
				SWIFT_EMIT_LOC_STRINGS = YES;
				SWIFT_VERSION = 5.0;
				TARGETED_DEVICE_FAMILY = "1,2";
			};
			name = Release;
		};
/* End XCBuildConfiguration section */

/* Begin XCConfigurationList section */
		AA456F7C2A46AD440001EEDC /* Build configuration list for PBXProject "Pinsplash" */ = {
			isa = XCConfigurationList;
			buildConfigurations = (
				AA456F932A46AD440001EEDC /* Debug */,
				AA456F942A46AD440001EEDC /* Release */,
			);
			defaultConfigurationIsVisible = 0;
			defaultConfigurationName = Release;
		};
		AA456F952A46AD440001EEDC /* Build configuration list for PBXNativeTarget "Pinsplash" */ = {
			isa = XCConfigurationList;
			buildConfigurations = (
				AA456F962A46AD440001EEDC /* Debug */,
				AA456F972A46AD440001EEDC /* Release */,
			);
			defaultConfigurationIsVisible = 0;
			defaultConfigurationName = Release;
		};
/* End XCConfigurationList section */
	};
	rootObject = AA456F792A46AD440001EEDC /* Project object */;
}
